{
  "version": 4,
  "terraform_version": "1.14.6",
  "serial": 20,
  "lineage": "2f833d38-64dd-fe75-d7c3-f5ddb1e3048c",
  "outputs": {},
  "resources": [
    {
      "mode": "managed",
      "type": "azurerm_application_gateway",
      "name": "main_gateway",
      "provider": "provider[\"registry.terraform.io/hashicorp/azurerm\"]",
      "instances": [
        {
          "schema_version": 0,
          "attributes": {
            "authentication_certificate": [],
            "autoscale_configuration": [],
            "backend_address_pool": [
              {
                "fqdns": [],
                "id": "/subscriptions/fb8bc6fc-b62a-401d-acbe-9114e52cc686/resourceGroups/Gateway-POC-RG/providers/Microsoft.Network/applicationGateways/app-gateway-poc/backendAddressPools/images-pool",
                "ip_addresses": [],
                "name": "images-pool"
              },
              {
                "fqdns": [],
                "id": "/subscriptions/fb8bc6fc-b62a-401d-acbe-9114e52cc686/resourceGroups/Gateway-POC-RG/providers/Microsoft.Network/applicationGateways/app-gateway-poc/backendAddressPools/video-pool",
                "ip_addresses": [],
                "name": "video-pool"
              }
            ],
            "backend_http_settings": [
              {
                "affinity_cookie_name": "",
                "authentication_certificate": [],
                "connection_draining": [],
                "cookie_based_affinity": "Disabled",
                "host_name": "",
                "id": "/subscriptions/fb8bc6fc-b62a-401d-acbe-9114e52cc686/resourceGroups/Gateway-POC-RG/providers/Microsoft.Network/applicationGateways/app-gateway-poc/backendHttpSettingsCollection/http-setting",
                "name": "http-setting",
                "path": "",
                "pick_host_name_from_backend_address": false,
                "port": 80,
                "probe_id": "",
                "probe_name": "",
                "protocol": "Http",
                "request_timeout": 60,
                "trusted_root_certificate_names": []
              }
            ],
            "custom_error_configuration": [],
            "enable_http2": false,
            "fips_enabled": false,
            "firewall_policy_id": "",
            "force_firewall_policy_association": false,
            "frontend_ip_configuration": [
              {
                "id": "/subscriptions/fb8bc6fc-b62a-401d-acbe-9114e52cc686/resourceGroups/Gateway-POC-RG/providers/Microsoft.Network/applicationGateways/app-gateway-poc/frontendIPConfigurations/frontend-ip",
                "name": "frontend-ip",
                "private_ip_address": "",
                "private_ip_address_allocation": "Dynamic",
                "private_link_configuration_id": "",
                "private_link_configuration_name": "",
                "public_ip_address_id": "/subscriptions/fb8bc6fc-b62a-401d-acbe-9114e52cc686/resourceGroups/Gateway-POC-RG/providers/Microsoft.Network/publicIPAddresses/gateway-pip",
                "subnet_id": ""
              }
            ],
            "frontend_port": [
              {
                "id": "/subscriptions/fb8bc6fc-b62a-401d-acbe-9114e52cc686/resourceGroups/Gateway-POC-RG/providers/Microsoft.Network/applicationGateways/app-gateway-poc/frontendPorts/frontend-port",
                "name": "frontend-port",
                "port": 80
              }
            ],
            "gateway_ip_configuration": [
              {
                "id": "/subscriptions/fb8bc6fc-b62a-401d-acbe-9114e52cc686/resourceGroups/Gateway-POC-RG/providers/Microsoft.Network/applicationGateways/app-gateway-poc/gatewayIPConfigurations/my-gateway-ip-config",
                "name": "my-gateway-ip-config",
                "subnet_id": "/subscriptions/fb8bc6fc-b62a-401d-acbe-9114e52cc686/resourceGroups/Gateway-POC-RG/providers/Microsoft.Network/virtualNetworks/gateway-poc-vnet/subnets/gateway-subnet"
              }
            ],
            "global": [],
            "http_listener": [
              {
                "custom_error_configuration": [],
                "firewall_policy_id": "",
                "frontend_ip_configuration_id": "/subscriptions/fb8bc6fc-b62a-401d-acbe-9114e52cc686/resourceGroups/Gateway-POC-RG/providers/Microsoft.Network/applicationGateways/app-gateway-poc/frontendIPConfigurations/frontend-ip",
                "frontend_ip_configuration_name": "frontend-ip",
                "frontend_port_id": "/subscriptions/fb8bc6fc-b62a-401d-acbe-9114e52cc686/resourceGroups/Gateway-POC-RG/providers/Microsoft.Network/applicationGateways/app-gateway-poc/frontendPorts/frontend-port",
                "frontend_port_name": "frontend-port",
                "host_name": "",
                "host_names": [],
                "id": "/subscriptions/fb8bc6fc-b62a-401d-acbe-9114e52cc686/resourceGroups/Gateway-POC-RG/providers/Microsoft.Network/applicationGateways/app-gateway-poc/httpListeners/listener",
                "name": "listener",
                "protocol": "Http",
                "require_sni": false,
                "ssl_certificate_id": "",
                "ssl_certificate_name": "",
                "ssl_profile_id": "",
                "ssl_profile_name": ""
              }
            ],
            "id": "/subscriptions/fb8bc6fc-b62a-401d-acbe-9114e52cc686/resourceGroups/Gateway-POC-RG/providers/Microsoft.Network/applicationGateways/app-gateway-poc",
            "identity": [],
            "location": "eastus",
            "name": "app-gateway-poc",
            "private_endpoint_connection": [],
            "private_link_configuration": [],
            "probe": [],
            "redirect_configuration": [],
            "request_routing_rule": [
              {
                "backend_address_pool_id": "",
                "backend_address_pool_name": "",
                "backend_http_settings_id": "",
                "backend_http_settings_name": "",
                "http_listener_id": "/subscriptions/fb8bc6fc-b62a-401d-acbe-9114e52cc686/resourceGroups/Gateway-POC-RG/providers/Microsoft.Network/applicationGateways/app-gateway-poc/httpListeners/listener",
                "http_listener_name": "listener",
                "id": "/subscriptions/fb8bc6fc-b62a-401d-acbe-9114e52cc686/resourceGroups/Gateway-POC-RG/providers/Microsoft.Network/applicationGateways/app-gateway-poc/requestRoutingRules/path-rule",
                "name": "path-rule",
                "priority": 1,
                "redirect_configuration_id": "",
                "redirect_configuration_name": "",
                "rewrite_rule_set_id": "",
                "rewrite_rule_set_name": "",
                "rule_type": "PathBasedRouting",
                "url_path_map_id": "/subscriptions/fb8bc6fc-b62a-401d-acbe-9114e52cc686/resourceGroups/Gateway-POC-RG/providers/Microsoft.Network/applicationGateways/app-gateway-poc/urlPathMaps/routing-map",
                "url_path_map_name": "routing-map"
              }
            ],
            "resource_group_name": "Gateway-POC-RG",
            "rewrite_rule_set": [],
            "sku": [
              {
                "capacity": 1,
                "name": "Standard_v2",
                "tier": "Standard_v2"
              }
            ],
            "ssl_certificate": [],
            "ssl_policy": [
              {
                "cipher_suites": [],
                "disabled_protocols": [],
                "min_protocol_version": "",
                "policy_name": "AppGwSslPolicy20220101",
                "policy_type": "Predefined"
              }
            ],
            "ssl_profile": [],
            "tags": {},
            "timeouts": null,
            "trusted_client_certificate": [],
            "trusted_root_certificate": [],
            "url_path_map": [
              {
                "default_backend_address_pool_id": "/subscriptions/fb8bc6fc-b62a-401d-acbe-9114e52cc686/resourceGroups/Gateway-POC-RG/providers/Microsoft.Network/applicationGateways/app-gateway-poc/backendAddressPools/images-pool",
                "default_backend_address_pool_name": "images-pool",
                "default_backend_http_settings_id": "/subscriptions/fb8bc6fc-b62a-401d-acbe-9114e52cc686/resourceGroups/Gateway-POC-RG/providers/Microsoft.Network/applicationGateways/app-gateway-poc/backendHttpSettingsCollection/http-setting",
                "default_backend_http_settings_name": "http-setting",
                "default_redirect_configuration_id": "",
                "default_redirect_configuration_name": "",
                "default_rewrite_rule_set_id": "",
                "default_rewrite_rule_set_name": "",
                "id": "/subscriptions/fb8bc6fc-b62a-401d-acbe-9114e52cc686/resourceGroups/Gateway-POC-RG/providers/Microsoft.Network/applicationGateways/app-gateway-poc/urlPathMaps/routing-map",
                "name": "routing-map",
                "path_rule": [
                  {
                    "backend_address_pool_id": "/subscriptions/fb8bc6fc-b62a-401d-acbe-9114e52cc686/resourceGroups/Gateway-POC-RG/providers/Microsoft.Network/applicationGateways/app-gateway-poc/backendAddressPools/video-pool",
                    "backend_address_pool_name": "video-pool",
                    "backend_http_settings_id": "/subscriptions/fb8bc6fc-b62a-401d-acbe-9114e52cc686/resourceGroups/Gateway-POC-RG/providers/Microsoft.Network/applicationGateways/app-gateway-poc/backendHttpSettingsCollection/http-setting",
                    "backend_http_settings_name": "http-setting",
                    "firewall_policy_id": "",
                    "id": "/subscriptions/fb8bc6fc-b62a-401d-acbe-9114e52cc686/resourceGroups/Gateway-POC-RG/providers/Microsoft.Network/applicationGateways/app-gateway-poc/urlPathMaps/routing-map/pathRules/video-path",
                    "name": "video-path",
                    "paths": [
                      "/video/*"
                    ],
                    "redirect_configuration_id": "",
                    "redirect_configuration_name": "",
                    "rewrite_rule_set_id": "",
                    "rewrite_rule_set_name": ""
                  }
                ]
              }
            ],
            "waf_configuration": [],
            "zones": []
          },
          "sensitive_attributes": [],
          "identity_schema_version": 0,
          "private": "eyJlMmJmYjczMC1lY2FhLTExZTYtOGY4OC0zNDM2M2JjN2M0YzAiOnsiY3JlYXRlIjo1NDAwMDAwMDAwMDAwLCJkZWxldGUiOjU0MDAwMDAwMDAwMDAsInJlYWQiOjMwMDAwMDAwMDAwMCwidXBkYXRlIjo1NDAwMDAwMDAwMDAwfX0=",
          "dependencies": [
            "azurerm_public_ip.gateway_pip",
            "azurerm_resource_group.poc_rg",
            "azurerm_subnet.gateway_subnet",
            "azurerm_virtual_network.vnet"
          ]
        }
      ]
    },
    {
      "mode": "managed",
      "type": "azurerm_network_interface",
      "name": "nic_images",
      "provider": "provider[\"registry.terraform.io/hashicorp/azurerm\"]",
      "instances": [
        {
          "schema_version": 0,
          "attributes": {
            "accelerated_networking_enabled": false,
            "applied_dns_servers": [],
            "auxiliary_mode": "",
            "auxiliary_sku": "",
            "dns_servers": [],
            "edge_zone": "",
            "enable_accelerated_networking": false,
            "enable_ip_forwarding": false,
            "id": "/subscriptions/fb8bc6fc-b62a-401d-acbe-9114e52cc686/resourceGroups/Gateway-POC-RG/providers/Microsoft.Network/networkInterfaces/nic-images",
            "internal_dns_name_label": "",
            "internal_domain_name_suffix": "u4xmfdj15t5u5mpeba1lu5ptxb.bx.internal.cloudapp.net",
            "ip_configuration": [
              {
                "gateway_load_balancer_frontend_ip_configuration_id": "",
                "name": "internal",
                "primary": true,
                "private_ip_address": "10.0.2.5",
                "private_ip_address_allocation": "Dynamic",
                "private_ip_address_version": "IPv4",
                "public_ip_address_id": "",
                "subnet_id": "/subscriptions/fb8bc6fc-b62a-401d-acbe-9114e52cc686/resourceGroups/Gateway-POC-RG/providers/Microsoft.Network/virtualNetworks/gateway-poc-vnet/subnets/backend-subnet"
              }
            ],
            "ip_forwarding_enabled": false,
            "location": "eastus",
            "mac_address": "",
            "name": "nic-images",
            "private_ip_address": "10.0.2.5",
            "private_ip_addresses": [
              "10.0.2.5"
            ],
            "resource_group_name": "Gateway-POC-RG",
            "tags": {},
            "timeouts": null,
            "virtual_machine_id": ""
          },
          "sensitive_attributes": [],
          "identity_schema_version": 0,
          "private": "eyJlMmJmYjczMC1lY2FhLTExZTYtOGY4OC0zNDM2M2JjN2M0YzAiOnsiY3JlYXRlIjoxODAwMDAwMDAwMDAwLCJkZWxldGUiOjE4MDAwMDAwMDAwMDAsInJlYWQiOjMwMDAwMDAwMDAwMCwidXBkYXRlIjoxODAwMDAwMDAwMDAwfX0=",
          "dependencies": [
            "azurerm_resource_group.poc_rg",
            "azurerm_subnet.backend_subnet",
            "azurerm_virtual_network.vnet"
          ]
        }
      ]
    },
    {
      "mode": "managed",
      "type": "azurerm_network_interface",
      "name": "nic_video",
      "provider": "provider[\"registry.terraform.io/hashicorp/azurerm\"]",
      "instances": [
        {
          "schema_version": 0,
          "attributes": {
            "accelerated_networking_enabled": false,
            "applied_dns_servers": [],
            "auxiliary_mode": "",
            "auxiliary_sku": "",
            "dns_servers": [],
            "edge_zone": "",
            "enable_accelerated_networking": false,
            "enable_ip_forwarding": false,
            "id": "/subscriptions/fb8bc6fc-b62a-401d-acbe-9114e52cc686/resourceGroups/Gateway-POC-RG/providers/Microsoft.Network/networkInterfaces/nic-video",
            "internal_dns_name_label": "",
            "internal_domain_name_suffix": "u4xmfdj15t5u5mpeba1lu5ptxb.bx.internal.cloudapp.net",
            "ip_configuration": [
              {
                "gateway_load_balancer_frontend_ip_configuration_id": "",
                "name": "internal",
                "primary": true,
                "private_ip_address": "10.0.2.4",
                "private_ip_address_allocation": "Dynamic",
                "private_ip_address_version": "IPv4",
                "public_ip_address_id": "",
                "subnet_id": "/subscriptions/fb8bc6fc-b62a-401d-acbe-9114e52cc686/resourceGroups/Gateway-POC-RG/providers/Microsoft.Network/virtualNetworks/gateway-poc-vnet/subnets/backend-subnet"
              }
            ],
            "ip_forwarding_enabled": false,
            "location": "eastus",
            "mac_address": "",
            "name": "nic-video",
            "private_ip_address": "10.0.2.4",
            "private_ip_addresses": [
              "10.0.2.4"
            ],
            "resource_group_name": "Gateway-POC-RG",
            "tags": {},
            "timeouts": null,
            "virtual_machine_id": ""
          },
          "sensitive_attributes": [],
          "identity_schema_version": 0,
          "private": "eyJlMmJmYjczMC1lY2FhLTExZTYtOGY4OC0zNDM2M2JjN2M0YzAiOnsiY3JlYXRlIjoxODAwMDAwMDAwMDAwLCJkZWxldGUiOjE4MDAwMDAwMDAwMDAsInJlYWQiOjMwMDAwMDAwMDAwMCwidXBkYXRlIjoxODAwMDAwMDAwMDAwfX0=",
          "dependencies": [
            "azurerm_resource_group.poc_rg",
            "azurerm_subnet.backend_subnet",
            "azurerm_virtual_network.vnet"
          ]
        }
      ]
    },
    {
      "mode": "managed",
      "type": "azurerm_network_interface_application_gateway_backend_address_pool_association",
      "name": "images_assoc",
      "provider": "provider[\"registry.terraform.io/hashicorp/azurerm\"]",
      "instances": [
        {
          "schema_version": 0,
          "attributes": {
            "backend_address_pool_id": "/subscriptions/fb8bc6fc-b62a-401d-acbe-9114e52cc686/resourceGroups/Gateway-POC-RG/providers/Microsoft.Network/applicationGateways/app-gateway-poc/backendAddressPools/images-pool",
            "id": "/subscriptions/fb8bc6fc-b62a-401d-acbe-9114e52cc686/resourceGroups/Gateway-POC-RG/providers/Microsoft.Network/networkInterfaces/nic-images/ipConfigurations/internal|/subscriptions/fb8bc6fc-b62a-401d-acbe-9114e52cc686/resourceGroups/Gateway-POC-RG/providers/Microsoft.Network/applicationGateways/app-gateway-poc/backendAddressPools/images-pool",
            "ip_configuration_name": "internal",
            "network_interface_id": "/subscriptions/fb8bc6fc-b62a-401d-acbe-9114e52cc686/resourceGroups/Gateway-POC-RG/providers/Microsoft.Network/networkInterfaces/nic-images",
            "timeouts": null
          },
          "sensitive_attributes": [],
          "identity_schema_version": 0,
          "private": "eyJlMmJmYjczMC1lY2FhLTExZTYtOGY4OC0zNDM2M2JjN2M0YzAiOnsiY3JlYXRlIjoxODAwMDAwMDAwMDAwLCJkZWxldGUiOjE4MDAwMDAwMDAwMDAsInJlYWQiOjMwMDAwMDAwMDAwMH19",
          "dependencies": [
            "azurerm_application_gateway.main_gateway",
            "azurerm_network_interface.nic_images",
            "azurerm_public_ip.gateway_pip",
            "azurerm_resource_group.poc_rg",
            "azurerm_subnet.backend_subnet",
            "azurerm_subnet.gateway_subnet",
            "azurerm_virtual_network.vnet"
          ]
        }
      ]
    },
    {
      "mode": "managed",
      "type": "azurerm_network_interface_application_gateway_backend_address_pool_association",
      "name": "video_assoc",
      "provider": "provider[\"registry.terraform.io/hashicorp/azurerm\"]",
      "instances": [
        {
          "schema_version": 0,
          "attributes": {
            "backend_address_pool_id": "/subscriptions/fb8bc6fc-b62a-401d-acbe-9114e52cc686/resourceGroups/Gateway-POC-RG/providers/Microsoft.Network/applicationGateways/app-gateway-poc/backendAddressPools/video-pool",
            "id": "/subscriptions/fb8bc6fc-b62a-401d-acbe-9114e52cc686/resourceGroups/Gateway-POC-RG/providers/Microsoft.Network/networkInterfaces/nic-video/ipConfigurations/internal|/subscriptions/fb8bc6fc-b62a-401d-acbe-9114e52cc686/resourceGroups/Gateway-POC-RG/providers/Microsoft.Network/applicationGateways/app-gateway-poc/backendAddressPools/video-pool",
            "ip_configuration_name": "internal",
            "network_interface_id": "/subscriptions/fb8bc6fc-b62a-401d-acbe-9114e52cc686/resourceGroups/Gateway-POC-RG/providers/Microsoft.Network/networkInterfaces/nic-video",
            "timeouts": null
          },
          "sensitive_attributes": [],
          "identity_schema_version": 0,
          "private": "eyJlMmJmYjczMC1lY2FhLTExZTYtOGY4OC0zNDM2M2JjN2M0YzAiOnsiY3JlYXRlIjoxODAwMDAwMDAwMDAwLCJkZWxldGUiOjE4MDAwMDAwMDAwMDAsInJlYWQiOjMwMDAwMDAwMDAwMH19",
          "dependencies": [
            "azurerm_application_gateway.main_gateway",
            "azurerm_network_interface.nic_video",
            "azurerm_public_ip.gateway_pip",
            "azurerm_resource_group.poc_rg",
            "azurerm_subnet.backend_subnet",
            "azurerm_subnet.gateway_subnet",
            "azurerm_virtual_network.vnet"
          ]
        }
      ]
    },
    {
      "mode": "managed",
      "type": "azurerm_public_ip",
      "name": "gateway_pip",
      "provider": "provider[\"registry.terraform.io/hashicorp/azurerm\"]",
      "instances": [
        {
          "schema_version": 0,
          "attributes": {
            "allocation_method": "Static",
            "ddos_protection_mode": "VirtualNetworkInherited",
            "ddos_protection_plan_id": null,
            "domain_name_label": null,
            "edge_zone": "",
            "fqdn": null,
            "id": "/subscriptions/fb8bc6fc-b62a-401d-acbe-9114e52cc686/resourceGroups/Gateway-POC-RG/providers/Microsoft.Network/publicIPAddresses/gateway-pip",
            "idle_timeout_in_minutes": 4,
            "ip_address": "138.91.113.9",
            "ip_tags": {},
            "ip_version": "IPv4",
            "location": "eastus",
            "name": "gateway-pip",
            "public_ip_prefix_id": null,
            "resource_group_name": "Gateway-POC-RG",
            "reverse_fqdn": null,
            "sku": "Standard",
            "sku_tier": "Regional",
            "tags": {},
            "timeouts": null,
            "zones": []
          },
          "sensitive_attributes": [],
          "identity_schema_version": 0,
          "private": "eyJlMmJmYjczMC1lY2FhLTExZTYtOGY4OC0zNDM2M2JjN2M0YzAiOnsiY3JlYXRlIjoxODAwMDAwMDAwMDAwLCJkZWxldGUiOjE4MDAwMDAwMDAwMDAsInJlYWQiOjMwMDAwMDAwMDAwMCwidXBkYXRlIjoxODAwMDAwMDAwMDAwfX0=",
          "dependencies": [
            "azurerm_resource_group.poc_rg"
          ]
        }
      ]
    },
    {
      "mode": "managed",
      "type": "azurerm_resource_group",
      "name": "poc_rg",
      "provider": "provider[\"registry.terraform.io/hashicorp/azurerm\"]",
      "instances": [
        {
          "schema_version": 0,
          "attributes": {
            "id": "/subscriptions/fb8bc6fc-b62a-401d-acbe-9114e52cc686/resourceGroups/Gateway-POC-RG",
            "location": "eastus",
            "managed_by": "",
            "name": "Gateway-POC-RG",
            "tags": {},
            "timeouts": null
          },
          "sensitive_attributes": [],
          "identity_schema_version": 0,
          "private": "eyJlMmJmYjczMC1lY2FhLTExZTYtOGY4OC0zNDM2M2JjN2M0YzAiOnsiY3JlYXRlIjo1NDAwMDAwMDAwMDAwLCJkZWxldGUiOjU0MDAwMDAwMDAwMDAsInJlYWQiOjMwMDAwMDAwMDAwMCwidXBkYXRlIjo1NDAwMDAwMDAwMDAwfX0="
        }
      ]
    },
    {
      "mode": "managed",
      "type": "azurerm_subnet",
      "name": "backend_subnet",
      "provider": "provider[\"registry.terraform.io/hashicorp/azurerm\"]",
      "instances": [
        {
          "schema_version": 0,
          "attributes": {
            "address_prefixes": [
              "10.0.2.0/24"
            ],
            "default_outbound_access_enabled": true,
            "delegation": [],
            "enforce_private_link_endpoint_network_policies": false,
            "enforce_private_link_service_network_policies": false,
            "id": "/subscriptions/fb8bc6fc-b62a-401d-acbe-9114e52cc686/resourceGroups/Gateway-POC-RG/providers/Microsoft.Network/virtualNetworks/gateway-poc-vnet/subnets/backend-subnet",
            "name": "backend-subnet",
            "private_endpoint_network_policies": "Enabled",
            "private_endpoint_network_policies_enabled": true,
            "private_link_service_network_policies_enabled": true,
            "resource_group_name": "Gateway-POC-RG",
            "service_endpoint_policy_ids": [],
            "service_endpoints": [],
            "timeouts": null,
            "virtual_network_name": "gateway-poc-vnet"
          },
          "sensitive_attributes": [],
          "identity_schema_version": 0,
          "private": "eyJlMmJmYjczMC1lY2FhLTExZTYtOGY4OC0zNDM2M2JjN2M0YzAiOnsiY3JlYXRlIjoxODAwMDAwMDAwMDAwLCJkZWxldGUiOjE4MDAwMDAwMDAwMDAsInJlYWQiOjMwMDAwMDAwMDAwMCwidXBkYXRlIjoxODAwMDAwMDAwMDAwfX0=",
          "dependencies": [
            "azurerm_resource_group.poc_rg",
            "azurerm_virtual_network.vnet"
          ]
        }
      ]
    },
    {
      "mode": "managed",
      "type": "azurerm_subnet",
      "name": "gateway_subnet",
      "provider": "provider[\"registry.terraform.io/hashicorp/azurerm\"]",
      "instances": [
        {
          "schema_version": 0,
          "attributes": {
            "address_prefixes": [
              "10.0.1.0/24"
            ],
            "default_outbound_access_enabled": true,
            "delegation": [],
            "enforce_private_link_endpoint_network_policies": false,
            "enforce_private_link_service_network_policies": false,
            "id": "/subscriptions/fb8bc6fc-b62a-401d-acbe-9114e52cc686/resourceGroups/Gateway-POC-RG/providers/Microsoft.Network/virtualNetworks/gateway-poc-vnet/subnets/gateway-subnet",
            "name": "gateway-subnet",
            "private_endpoint_network_policies": "Enabled",
            "private_endpoint_network_policies_enabled": true,
            "private_link_service_network_policies_enabled": true,
            "resource_group_name": "Gateway-POC-RG",
            "service_endpoint_policy_ids": [],
            "service_endpoints": [],
            "timeouts": null,
            "virtual_network_name": "gateway-poc-vnet"
          },
          "sensitive_attributes": [],
          "identity_schema_version": 0,
          "private": "eyJlMmJmYjczMC1lY2FhLTExZTYtOGY4OC0zNDM2M2JjN2M0YzAiOnsiY3JlYXRlIjoxODAwMDAwMDAwMDAwLCJkZWxldGUiOjE4MDAwMDAwMDAwMDAsInJlYWQiOjMwMDAwMDAwMDAwMCwidXBkYXRlIjoxODAwMDAwMDAwMDAwfX0=",
          "dependencies": [
            "azurerm_resource_group.poc_rg",
            "azurerm_virtual_network.vnet"
          ]
        }
      ]
    },
    {
      "mode": "managed",
      "type": "azurerm_virtual_network",
      "name": "vnet",
      "provider": "provider[\"registry.terraform.io/hashicorp/azurerm\"]",
      "instances": [
        {
          "schema_version": 0,
          "attributes": {
            "address_space": [
              "10.0.0.0/16"
            ],
            "bgp_community": "",
            "ddos_protection_plan": [],
            "dns_servers": [],
            "edge_zone": "",
            "encryption": [],
            "flow_timeout_in_minutes": 0,
            "guid": "8dc2aea7-fc3b-4fff-b1e4-0836ba7df3b9",
            "id": "/subscriptions/fb8bc6fc-b62a-401d-acbe-9114e52cc686/resourceGroups/Gateway-POC-RG/providers/Microsoft.Network/virtualNetworks/gateway-poc-vnet",
            "location": "eastus",
            "name": "gateway-poc-vnet",
            "resource_group_name": "Gateway-POC-RG",
            "subnet": [
              {
                "address_prefix": "10.0.1.0/24",
                "id": "/subscriptions/fb8bc6fc-b62a-401d-acbe-9114e52cc686/resourceGroups/Gateway-POC-RG/providers/Microsoft.Network/virtualNetworks/gateway-poc-vnet/subnets/gateway-subnet",
                "name": "gateway-subnet",
                "security_group": ""
              },
              {
                "address_prefix": "10.0.2.0/24",
                "id": "/subscriptions/fb8bc6fc-b62a-401d-acbe-9114e52cc686/resourceGroups/Gateway-POC-RG/providers/Microsoft.Network/virtualNetworks/gateway-poc-vnet/subnets/backend-subnet",
                "name": "backend-subnet",
                "security_group": ""
              }
            ],
            "tags": {},
            "timeouts": null
          },
          "sensitive_attributes": [],
          "identity_schema_version": 0,
          "private": "eyJlMmJmYjczMC1lY2FhLTExZTYtOGY4OC0zNDM2M2JjN2M0YzAiOnsiY3JlYXRlIjoxODAwMDAwMDAwMDAwLCJkZWxldGUiOjE4MDAwMDAwMDAwMDAsInJlYWQiOjMwMDAwMDAwMDAwMCwidXBkYXRlIjoxODAwMDAwMDAwMDAwfX0=",
          "dependencies": [
            "azurerm_resource_group.poc_rg"
          ]
        }
      ]
    }
  ],
  "check_results": null
}
